# THIS IS AN AUTOGENERATED FILE. DO NOT EDIT THIS FILE DIRECTLY.
# yarn lockfile v1


indento@^1.1.7:
  version "1.1.9"
  resolved "https://registry.yarnpkg.com/indento/-/indento-1.1.9.tgz#7072eee69feb96095f508acb699cf850500519e8"

json2md@^1.5.8:
  version "1.5.8"
  resolved "https://registry.yarnpkg.com/json2md/-/json2md-1.5.8.tgz#9d5dd25c4687119831bcfe84dd34c8cba9e47cfd"
  dependencies:
    indento "^1.1.7"
